// !$*UTF8*$!
{
	archiveVersion = 1;
	classes = {
	};
	objectVersion = 55;
	objects = {

/* Begin PBXBuildFile section */
		9B847A9927B93F49002A2FD0 /* User.swift in Sources */ = {isa = PBXBuildFile; fileRef = 9B847A9827B93F49002A2FD0 /* User.swift */; };
		9B847A9B27B9497D002A2FD0 /* AboutMeViewController.swift in Sources */ = {isa = PBXBuildFile; fileRef = 9B847A9A27B9497D002A2FD0 /* AboutMeViewController.swift */; };
		9BA1E9BD27AECF2E002C9BD0 /* AppDelegate.swift in Sources */ = {isa = PBXBuildFile; fileRef = 9BA1E9BC27AECF2E002C9BD0 /* AppDelegate.swift */; };
		9BA1E9BF27AECF2E002C9BD0 /* SceneDelegate.swift in Sources */ = {isa = PBXBuildFile; fileRef = 9BA1E9BE27AECF2E002C9BD0 /* SceneDelegate.swift */; };
		9BA1E9C127AECF2E002C9BD0 /* LoginViewController.swift in Sources */ = {isa = PBXBuildFile; fileRef = 9BA1E9C027AECF2E002C9BD0 /* LoginViewController.swift */; };
		9BA1E9C427AECF2E002C9BD0 /* Main.storyboard in Resources */ = {isa = PBXBuildFile; fileRef = 9BA1E9C227AECF2E002C9BD0 /* Main.storyboard */; };
		9BA1E9C627AECF2E002C9BD0 /* Assets.xcassets in Resources */ = {isa = PBXBuildFile; fileRef = 9BA1E9C527AECF2E002C9BD0 /* Assets.xcassets */; };
		9BA1E9C927AECF2E002C9BD0 /* LaunchScreen.storyboard in Resources */ = {isa = PBXBuildFile; fileRef = 9BA1E9C727AECF2E002C9BD0 /* LaunchScreen.storyboard */; };
		9BA1E9D127AED67A002C9BD0 /* WelcomeViewController.swift in Sources */ = {isa = PBXBuildFile; fileRef = 9BA1E9D027AED67A002C9BD0 /* WelcomeViewController.swift */; };
/* End PBXBuildFile section */

/* Begin PBXFileReference section */
		9B847A9827B93F49002A2FD0 /* User.swift */ = {isa = PBXFileReference; lastKnownFileType = sourcecode.swift; path = User.swift; sourceTree = "<group>"; };
		9B847A9A27B9497D002A2FD0 /* AboutMeViewController.swift */ = {isa = PBXFileReference; lastKnownFileType = sourcecode.swift; path = AboutMeViewController.swift; sourceTree = "<group>"; };
		9BA1E9B927AECF2E002C9BD0 /* Login.app */ = {isa = PBXFileReference; explicitFileType = wrapper.application; includeInIndex = 0; path = Login.app; sourceTree = BUILT_PRODUCTS_DIR; };
		9BA1E9BC27AECF2E002C9BD0 /* AppDelegate.swift */ = {isa = PBXFileReference; lastKnownFileType = sourcecode.swift; path = AppDelegate.swift; sourceTree = "<group>"; };
		9BA1E9BE27AECF2E002C9BD0 /* SceneDelegate.swift */ = {isa = PBXFileReference; lastKnownFileType = sourcecode.swift; path = SceneDelegate.swift; sourceTree = "<group>"; };
		9BA1E9C027AECF2E002C9BD0 /* LoginViewController.swift */ = {isa = PBXFileReference; lastKnownFileType = sourcecode.swift; path = LoginViewController.swift; sourceTree = "<group>"; };
		9BA1E9C327AECF2E002C9BD0 /* Base */ = {isa = PBXFileReference; lastKnownFileType = file.storyboard; name = Base; path = Base.lproj/Main.storyboard; sourceTree = "<group>"; };
		9BA1E9C527AECF2E002C9BD0 /* Assets.xcassets */ = {isa = PBXFileReference; lastKnownFileType = folder.assetcatalog; path = Assets.xcassets; sourceTree = "<group>"; };
		9BA1E9C827AECF2E002C9BD0 /* Base */ = {isa = PBXFileReference; lastKnownFileType = file.storyboard; name = Base; path = Base.lproj/LaunchScreen.storyboard; sourceTree = "<group>"; };
		9BA1E9CA27AECF2E002C9BD0 /* Info.plist */ = {isa = PBXFileReference; lastKnownFileType = text.plist.xml; path = Info.plist; sourceTree = "<group>"; };
		9BA1E9D027AED67A002C9BD0 /* WelcomeViewController.swift */ = {isa = PBXFileReference; lastKnownFileType = sourcecode.swift; path = WelcomeViewController.swift; sourceTree = "<group>"; };
/* End PBXFileReference section */

/* Begin PBXFrameworksBuildPhase section */
		9BA1E9B627AECF2E002C9BD0 /* Frameworks */ = {
			isa = PBXFrameworksBuildPhase;
			buildActionMask = 2147483647;
			files = (
			);
			runOnlyForDeploymentPostprocessing = 0;
		};
/* End PBXFrameworksBuildPhase section */

/* Begin PBXGroup section */
		9B847A9127B7AF13002A2FD0 /* App */ = {
			isa = PBXGroup;
			children = (
				9BA1E9BC27AECF2E002C9BD0 /* AppDelegate.swift */,
				9BA1E9BE27AECF2E002C9BD0 /* SceneDelegate.swift */,
				9BA1E9CA27AECF2E002C9BD0 /* Info.plist */,
			);
			path = App;
			sourceTree = "<group>";
		};
		9B847A9227B7AF67002A2FD0 /* Resources */ = {
			isa = PBXGroup;
			children = (
				9BA1E9C527AECF2E002C9BD0 /* Assets.xcassets */,
			);
			path = Resources;
			sourceTree = "<group>";
		};
		9B847A9327B7AF8B002A2FD0 /* Storyboards */ = {
			isa = PBXGroup;
			children = (
				9BA1E9C227AECF2E002C9BD0 /* Main.storyboard */,
				9BA1E9C727AECF2E002C9BD0 /* LaunchScreen.storyboard */,
			);
			path = Storyboards;
			sourceTree = "<group>";
		};
		9B847A9427B7AFB4002A2FD0 /* ViewControllers */ = {
			isa = PBXGroup;
			children = (
				9BA1E9C027AECF2E002C9BD0 /* LoginViewController.swift */,
				9BA1E9D027AED67A002C9BD0 /* WelcomeViewController.swift */,
				9B847A9A27B9497D002A2FD0 /* AboutMeViewController.swift */,
			);
			path = ViewControllers;
			sourceTree = "<group>";
		};
		9B847A9727B81B07002A2FD0 /* Models */ = {
			isa = PBXGroup;
			children = (
				9B847A9827B93F49002A2FD0 /* User.swift */,
			);
			path = Models;
			sourceTree = "<group>";
		};
		9BA1E9B027AECF2E002C9BD0 = {
			isa = PBXGroup;
			children = (
				9BA1E9BB27AECF2E002C9BD0 /* Login */,
				9BA1E9BA27AECF2E002C9BD0 /* Products */,
			);
			sourceTree = "<group>";
		};
		9BA1E9BA27AECF2E002C9BD0 /* Products */ = {
			isa = PBXGroup;
			children = (
				9BA1E9B927AECF2E002C9BD0 /* Login.app */,
			);
			name = Products;
			sourceTree = "<group>";
		};
		9BA1E9BB27AECF2E002C9BD0 /* Login */ = {
			isa = PBXGroup;
			children = (
				9B847A9427B7AFB4002A2FD0 /* ViewControllers */,
				9B847A9727B81B07002A2FD0 /* Models */,
				9B847A9127B7AF13002A2FD0 /* App */,
				9B847A9327B7AF8B002A2FD0 /* Storyboards */,
				9B847A9227B7AF67002A2FD0 /* Resources */,
			);
			path = Login;
			sourceTree = "<group>";
		};
/* End PBXGroup section */

/* Begin PBXNativeTarget section */
		9BA1E9B827AECF2E002C9BD0 /* Login */ = {
			isa = PBXNativeTarget;
			buildConfigurationList = 9BA1E9CD27AECF2E002C9BD0 /* Build configuration list for PBXNativeTarget "Login" */;
			buildPhases = (
				9BA1E9B527AECF2E002C9BD0 /* Sources */,
				9BA1E9B627AECF2E002C9BD0 /* Frameworks */,
				9BA1E9B727AECF2E002C9BD0 /* Resources */,
			);
			buildRules = (
			);
			dependencies = (
			);
			name = Login;
			productName = Login;
			productReference = 9BA1E9B927AECF2E002C9BD0 /* Login.app */;
			productType = "com.apple.product-type.application";
		};
/* End PBXNativeTarget section */

/* Begin PBXProject section */
		9BA1E9B127AECF2E002C9BD0 /* Project object */ = {
			isa = PBXProject;
			attributes = {
				BuildIndependentTargetsInParallel = 1;
				LastSwiftUpdateCheck = 1320;
				LastUpgradeCheck = 1320;
				TargetAttributes = {
					9BA1E9B827AECF2E002C9BD0 = {
						CreatedOnToolsVersion = 13.2.1;
					};
				};
			};
			buildConfigurationList = 9BA1E9B427AECF2E002C9BD0 /* Build configuration list for PBXProject "Login" */;
			compatibilityVersion = "Xcode 13.0";
			developmentRegion = en;
			hasScannedForEncodings = 0;
			knownRegions = (
				en,
				Base,
			);
			mainGroup = 9BA1E9B027AECF2E002C9BD0;
			productRefGroup = 9BA1E9BA27AECF2E002C9BD0 /* Products */;
			projectDirPath = "";
			projectRoot = "";
			targets = (
				9BA1E9B827AECF2E002C9BD0 /* Login */,
			);
		};
/* End PBXProject section */

/* Begin PBXResourcesBuildPhase section */
		9BA1E9B727AECF2E002C9BD0 /* Resources */ = {
			isa = PBXResourcesBuildPhase;
			buildActionMask = 2147483647;
			files = (
				9BA1E9C927AECF2E002C9BD0 /* LaunchScreen.storyboard in Resources */,
				9BA1E9C627AECF2E002C9BD0 /* Assets.xcassets in Resources */,
				9BA1E9C427AECF2E002C9BD0 /* Main.storyboard in Resources */,
			);
			runOnlyForDeploymentPostprocessing = 0;
		};
/* End PBXResourcesBuildPhase section */

/* Begin PBXSourcesBuildPhase section */
		9BA1E9B527AECF2E002C9BD0 /* Sources */ = {
			isa = PBXSourcesBuildPhase;
			buildActionMask = 2147483647;
			files = (
				9B847A9927B93F49002A2FD0 /* User.swift in Sources */,
				9BA1E9C127AECF2E002C9BD0 /* LoginViewController.swift in Sources */,
				9BA1E9D127AED67A002C9BD0 /* WelcomeViewController.swift in Sources */,
				9BA1E9BD27AECF2E002C9BD0 /* AppDelegate.swift in Sources */,
				9B847A9B27B9497D002A2FD0 /* AboutMeViewController.swift in Sources */,
				9BA1E9BF27AECF2E002C9BD0 /* SceneDelegate.swift in Sources */,
			);
			runOnlyForDeploymentPostprocessing = 0;
		};
/* End PBXSourcesBuildPhase section */

/* Begin PBXVariantGroup section */
		9BA1E9C227AECF2E002C9BD0 /* Main.storyboard */ = {
			isa = PBXVariantGroup;
			children = (
				9BA1E9C327AECF2E002C9BD0 /* Base */,
			);
			name = Main.storyboard;
			sourceTree = "<group>";
		};
		9BA1E9C727AECF2E002C9BD0 /* LaunchScreen.storyboard */ = {
			isa = PBXVariantGroup;
			children = (
				9BA1E9C827AECF2E002C9BD0 /* Base */,
			);
			name = LaunchScreen.storyboard;
			sourceTree = "<group>";
		};
/* End PBXVariantGroup section */

/* Begin XCBuildConfiguration section */
		9BA1E9CB27AECF2E002C9BD0 /* Debug */ = {
			isa = XCBuildConfiguration;
			buildSettings = {
				ALWAYS_SEARCH_USER_PATHS = NO;
				CLANG_ANALYZER_NONNULL = YES;
				CLANG_ANALYZER_NUMBER_OBJECT_CONVERSION = YES_AGGRESSIVE;
				CLANG_CXX_LANGUAGE_STANDARD = "gnu++17";
				CLANG_CXX_LIBRARY = "libc++";
				CLANG_ENABLE_MODULES = YES;
				CLANG_ENABLE_OBJC_ARC = YES;
				CLANG_ENABLE_OBJC_WEAK = YES;
				CLANG_WARN_BLOCK_CAPTURE_AUTORELEASING = YES;
				CLANG_WARN_BOOL_CONVERSION = YES;
				CLANG_WARN_COMMA = YES;
				CLANG_WARN_CONSTANT_CONVERSION = YES;
				CLANG_WARN_DEPRECATED_OBJC_IMPLEMENTATIONS = YES;
				CLANG_WARN_DIRECT_OBJC_ISA_USAGE = YES_ERROR;
				CLANG_WARN_DOCUMENTATION_COMMENTS = YES;
				CLANG_WARN_EMPTY_BODY = YES;
				CLANG_WARN_ENUM_CONVERSION = YES;
				CLANG_WARN_INFINITE_RECURSION = YES;
				CLANG_WARN_INT_CONVERSION = YES;
				CLANG_WARN_NON_LITERAL_NULL_CONVERSION = YES;
				CLANG_WARN_OBJC_IMPLICIT_RETAIN_SELF = YES;
				CLANG_WARN_OBJC_LITERAL_CONVERSION = YES;
				CLANG_WARN_OBJC_ROOT_CLASS = YES_ERROR;
				CLANG_WARN_QUOTED_INCLUDE_IN_FRAMEWORK_HEADER = YES;
				CLANG_WARN_RANGE_LOOP_ANALYSIS = YES;
				CLANG_WARN_STRICT_PROTOTYPES = YES;
				CLANG_WARN_SUSPICIOUS_MOVE = YES;
				CLANG_WARN_UNGUARDED_AVAILABILITY = YES_AGGRESSIVE;
				CLANG_WARN_UNREACHABLE_CODE = YES;
				CLANG_WARN__DUPLICATE_METHOD_MATCH = YES;
				COPY_PHASE_STRIP = NO;
				DEBUG_INFORMATION_FORMAT = dwarf;
				ENABLE_STRICT_OBJC_MSGSEND = YES;
				ENABLE_TESTABILITY = YES;
				GCC_C_LANGUAGE_STANDARD = gnu11;
				GCC_DYNAMIC_NO_PIC = NO;
				GCC_NO_COMMON_BLOCKS = YES;
				GCC_OPTIMIZATION_LEVEL = 0;
				GCC_PREPROCESSOR_DEFINITIONS = (
					"DEBUG=1",
					"$(inherited)",
				);
				GCC_WARN_64_TO_32_BIT_CONVERSION = YES;
				GCC_WARN_ABOUT_RETURN_TYPE = YES_ERROR;
				GCC_WARN_UNDECLARED_SELECTOR = YES;
				GCC_WARN_UNINITIALIZED_AUTOS = YES_AGGRESSIVE;
				GCC_WARN_UNUSED_FUNCTION = YES;
				GCC_WARN_UNUSED_VARIABLE = YES;
				IPHONEOS_DEPLOYMENT_TARGET = 15.2;
				MTL_ENABLE_DEBUG_INFO = INCLUDE_SOURCE;
				MTL_FAST_MATH = YES;
				ONLY_ACTIVE_ARCH = YES;
				SDKROOT = iphoneos;
				SWIFT_ACTIVE_COMPILATION_CONDITIONS = DEBUG;
				SWIFT_OPTIMIZATION_LEVEL = "-Onone";
			};
			name = Debug;
		};
		9BA1E9CC27AECF2E002C9BD0 /* Release */ = {
			isa = XCBuildConfiguration;
			buildSettings = {
				ALWAYS_SEARCH_USER_PATHS = NO;
				CLANG_ANALYZER_NONNULL = YES;
				CLANG_ANALYZER_NUMBER_OBJECT_CONVERSION = YES_AGGRESSIVE;
				CLANG_CXX_LANGUAGE_STANDARD = "gnu++17";
				CLANG_CXX_LIBRARY = "libc++";
				CLANG_ENABLE_MODULES = YES;
				CLANG_ENABLE_OBJC_ARC = YES;
				CLANG_ENABLE_OBJC_WEAK = YES;
				CLANG_WARN_BLOCK_CAPTURE_AUTORELEASING = YES;
				CLANG_WARN_BOOL_CONVERSION = YES;
				CLANG_WARN_COMMA = YES;
				CLANG_WARN_CONSTANT_CONVERSION = YES;
				CLANG_WARN_DEPRECATED_OBJC_IMPLEMENTATIONS = YES;
				CLANG_WARN_DIRECT_OBJC_ISA_USAGE = YES_ERROR;
				CLANG_WARN_DOCUMENTATION_COMMENTS = YES;
				CLANG_WARN_EMPTY_BODY = YES;
				CLANG_WARN_ENUM_CONVERSION = YES;
				CLANG_WARN_INFINITE_RECURSION = YES;
				CLANG_WARN_INT_CONVERSION = YES;
				CLANG_WARN_NON_LITERAL_NULL_CONVERSION = YES;
				CLANG_WARN_OBJC_IMPLICIT_RETAIN_SELF = YES;
				CLANG_WARN_OBJC_LITERAL_CONVERSION = YES;
				CLANG_WARN_OBJC_ROOT_CLASS = YES_ERROR;
				CLANG_WARN_QUOTED_INCLUDE_IN_FRAMEWORK_HEADER = YES;
				CLANG_WARN_RANGE_LOOP_ANALYSIS = YES;
				CLANG_WARN_STRICT_PROTOTYPES = YES;
				CLANG_WARN_SUSPICIOUS_MOVE = YES;
				CLANG_WARN_UNGUARDED_AVAILABILITY = YES_AGGRESSIVE;
				CLANG_WARN_UNREACHABLE_CODE = YES;
				CLANG_WARN__DUPLICATE_METHOD_MATCH = YES;
				COPY_PHASE_STRIP = NO;
				DEBUG_INFORMATION_FORMAT = "dwarf-with-dsym";
				ENABLE_NS_ASSERTIONS = NO;
				ENABLE_STRICT_OBJC_MSGSEND = YES;
				GCC_C_LANGUAGE_STANDARD = gnu11;
				GCC_NO_COMMON_BLOCKS = YES;
				GCC_WARN_64_TO_32_BIT_CONVERSION = YES;
				GCC_WARN_ABOUT_RETURN_TYPE = YES_ERROR;
				GCC_WARN_UNDECLARED_SELECTOR = YES;
				GCC_WARN_UNINITIALIZED_AUTOS = YES_AGGRESSIVE;
				GCC_WARN_UNUSED_FUNCTION = YES;
				GCC_WARN_UNUSED_VARIABLE = YES;
				IPHONEOS_DEPLOYMENT_TARGET = 15.2;
				MTL_ENABLE_DEBUG_INFO = NO;
				MTL_FAST_MATH = YES;
				SDKROOT = iphoneos;
				SWIFT_COMPILATION_MODE = wholemodule;
				SWIFT_OPTIMIZATION_LEVEL = "-O";
				VALIDATE_PRODUCT = YES;
			};
			name = Release;
		};
		9BA1E9CE27AECF2E002C9BD0 /* Debug */ = {
			isa = XCBuildConfiguration;
			buildSettings = {
				ASSETCATALOG_COMPILER_APPICON_NAME = AppIcon;
				ASSETCATALOG_COMPILER_GLOBAL_ACCENT_COLOR_NAME = AccentColor;
				CODE_SIGN_STYLE = Automatic;
				CURRENT_PROJECT_VERSION = 1;
				DEVELOPMENT_TEAM = 3S7VR6MWS8;
				GENERATE_INFOPLIST_FILE = YES;
				INFOPLIST_FILE = Login/App/Info.plist;
				INFOPLIST_KEY_UIApplicationSupportsIndirectInputEvents = YES;
				INFOPLIST_KEY_UILaunchStoryboardName = LaunchScreen;
				INFOPLIST_KEY_UIMainStoryboardFile = Main;
				INFOPLIST_KEY_UISupportedInterfaceOrientations_iPad = "UIInterfaceOrientationPortrait UIInterfaceOrientationPortraitUpsideDown UIInterfaceOrientationLandscapeLeft UIInterfaceOrientationLandscapeRight";
				INFOPLIST_KEY_UISupportedInterfaceOrientations_iPhone = "UIInterfaceOrientationPortrait UIInterfaceOrientationLandscapeLeft UIInterfaceOrientationLandscapeRight";
				IPHONEOS_DEPLOYMENT_TARGET = 14.0;
				LD_RUNPATH_SEARCH_PATHS = (
					"$(inherited)",
					"@executable_path/Frameworks",
				);
				MARKETING_VERSION = 1.0;
				PRODUCT_BUNDLE_IDENTIFIER = "Karen-Tsarukyan.Login";
				PRODUCT_NAME = "$(TARGET_NAME)";
				SWIFT_EMIT_LOC_STRINGS = YES;
				SWIFT_VERSION = 5.0;
				TARGETED_DEVICE_FAMILY = "1,2";
			};
			name = Debug;
		};
		9BA1E9CF27AECF2E002C9BD0 /* Release */ = {
			isa = XCBuildConfiguration;
			buildSettings = {
				ASSETCATALOG_COMPILER_APPICON_NAME = AppIcon;
				ASSETCATALOG_COMPILER_GLOBAL_ACCENT_COLOR_NAME = AccentColor;
				CODE_SIGN_STYLE = Automatic;
				CURRENT_PROJECT_VERSION = 1;
				DEVELOPMENT_TEAM = 3S7VR6MWS8;
				GENERATE_INFOPLIST_FILE = YES;
				INFOPLIST_FILE = Login/App/Info.plist;
				INFOPLIST_KEY_UIApplicationSupportsIndirectInputEvents = YES;
				INFOPLIST_KEY_UILaunchStoryboardName = LaunchScreen;
				INFOPLIST_KEY_UIMainStoryboardFile = Main;
				INFOPLIST_KEY_UISupportedInterfaceOrientations_iPad = "UIInterfaceOrientationPortrait UIInterfaceOrientationPortraitUpsideDown UIInterfaceOrientationLandscapeLeft UIInterfaceOrientationLandscapeRight";
				INFOPLIST_KEY_UISupportedInterfaceOrientations_iPhone = "UIInterfaceOrientationPortrait UIInterfaceOrientationLandscapeLeft UIInterfaceOrientationLandscapeRight";
				IPHONEOS_DEPLOYMENT_TARGET = 14.0;
				LD_RUNPATH_SEARCH_PATHS = (
					"$(inherited)",
					"@executable_path/Frameworks",
				);
				MARKETING_VERSION = 1.0;
				PRODUCT_BUNDLE_IDENTIFIER = "Karen-Tsarukyan.Login";
				PRODUCT_NAME = "$(TARGET_NAME)";
				SWIFT_EMIT_LOC_STRINGS = YES;
				SWIFT_VERSION = 5.0;
				TARGETED_DEVICE_FAMILY = "1,2";
			};
			name = Release;
		};
/* End XCBuildConfiguration section */

/* Begin XCConfigurationList section */
		9BA1E9B427AECF2E002C9BD0 /* Build configuration list for PBXProject "Login" */ = {
			isa = XCConfigurationList;
			buildConfigurations = (
				9BA1E9CB27AECF2E002C9BD0 /* Debug */,
				9BA1E9CC27AECF2E002C9BD0 /* Release */,
			);
			defaultConfigurationIsVisible = 0;
			defaultConfigurationName = Release;
		};
		9BA1E9CD27AECF2E002C9BD0 /* Build configuration list for PBXNativeTarget "Login" */ = {
			isa = XCConfigurationList;
			buildConfigurations = (
				9BA1E9CE27AECF2E002C9BD0 /* Debug */,
				9BA1E9CF27AECF2E002C9BD0 /* Release */,
			);
			defaultConfigurationIsVisible = 0;
			defaultConfigurationName = Release;
		};
/* End XCConfigurationList section */
	};
	rootObject = 9BA1E9B127AECF2E002C9BD0 /* Project object */;
}
